
Microsoft Visual Studio Solution File, Format Version 12.00
# Visual Studio Version 17
VisualStudioVersion = 17.8.34330.188
MinimumVisualStudioVersion = 10.0.40219.1
Project("{FAE04EC0-301F-11D3-BF4B-00C04F79EFBC}") = "TableTennis", "TableTennis\TableTennis.csproj", "{29A3906B-5D2A-430E-96EE-6457C56CE2C6}"
EndProject
Global
	GlobalSection(SolutionConfigurationPlatforms) = preSolution
		Debug|Any CPU = Debug|Any CPU
		Release|Any CPU = Release|Any CPU
	EndGlobalSection
	GlobalSection(ProjectConfigurationPlatforms) = postSolution
		{29A3906B-5D2A-430E-96EE-6457C56CE2C6}.Debug|Any CPU.ActiveCfg = Debug|Any CPU
		{29A3906B-5D2A-430E-96EE-6457C56CE2C6}.Debug|Any CPU.Build.0 = Debug|Any CPU
		{29A3906B-5D2A-430E-96EE-6457C56CE2C6}.Release|Any CPU.ActiveCfg = Release|Any CPU
		{29A3906B-5D2A-430E-96EE-6457C56CE2C6}.Release|Any CPU.Build.0 = Release|Any CPU
	EndGlobalSection
	GlobalSection(SolutionProperties) = preSolution
		HideSolutionNode = FALSE
	EndGlobalSection
	GlobalSection(ExtensibilityGlobals) = postSolution
		SolutionGuid = {805C1199-2E4A-43A3-BCFB-38103A50FB72}
	EndGlobalSection
EndGlobal
